
Microsoft Visual Studio Solution File, Format Version 12.00
# Visual Studio 15
VisualStudioVersion = 15.0.27703.2026
MinimumVisualStudioVersion = 10.0.40219.1
Project("{059D6162-CD51-11D0-AE1F-00A0C90FFFC3}") = "MifareCardProgramming", "MifareCardProgramming.vcxproj", "{1324895F-8DB8-4758-B4AA-31C2498E21C3}"
EndProject
Global
	GlobalSection(SolutionProperties) = preSolution
		HideSolutionNode = FALSE
	EndGlobalSection
	GlobalSection(ExtensibilityGlobals) = postSolution
		SolutionGuid = {4D2F1C6C-4477-45E2-A74F-E1FC58236B2A}
	EndGlobalSection
EndGlobal
