
Microsoft Visual Studio Solution File, Format Version 9.00
# Visual Studio 2005
Project("{FAE04EC0-301F-11D3-BF4B-00C04F79EFBC}") = "PassiveSample", "PassiveSample\PassiveSample.csproj", "{12AADA04-8A73-48FF-AA78-9E51E1F41A27}"
EndProject
Global
	GlobalSection(SolutionConfigurationPlatforms) = preSolution
		Debug|Any CPU = Debug|Any CPU
		Release|Any CPU = Release|Any CPU
	EndGlobalSection
	GlobalSection(ProjectConfigurationPlatforms) = postSolution
		{12AADA04-8A73-48FF-AA78-9E51E1F41A27}.Debug|Any CPU.ActiveCfg = Debug|Any CPU
		{12AADA04-8A73-48FF-AA78-9E51E1F41A27}.Debug|Any CPU.Build.0 = Debug|Any CPU
		{12AADA04-8A73-48FF-AA78-9E51E1F41A27}.Release|Any CPU.ActiveCfg = Release|Any CPU
		{12AADA04-8A73-48FF-AA78-9E51E1F41A27}.Release|Any CPU.Build.0 = Release|Any CPU
	EndGlobalSection
	GlobalSection(SolutionProperties) = preSolution
		HideSolutionNode = FALSE
	EndGlobalSection
EndGlobal
